
Microsoft Visual Studio Solution File, Format Version 12.00
# Visual Studio Version 16
VisualStudioVersion = 16.0.31205.134
MinimumVisualStudioVersion = 10.0.40219.1
Project("{FAE04EC0-301F-11D3-BF4B-00C04F79EFBC}") = "Center.API", "Center.API\Center.API.csproj", "{3AA6785F-9794-4296-8A61-FB35BAB50B33}"
EndProject
Project("{FAE04EC0-301F-11D3-BF4B-00C04F79EFBC}") = "Center.Desktop", "Center.Desktop\Center.Desktop.csproj", "{B42C003D-6A86-49BB-941E-226BC89FCFD5}"
EndProject
Global
	GlobalSection(SolutionConfigurationPlatforms) = preSolution
		Debug|Any CPU = Debug|Any CPU
		Release|Any CPU = Release|Any CPU
	EndGlobalSection
	GlobalSection(ProjectConfigurationPlatforms) = postSolution
		{3AA6785F-9794-4296-8A61-FB35BAB50B33}.Debug|Any CPU.ActiveCfg = Debug|Any CPU
		{3AA6785F-9794-4296-8A61-FB35BAB50B33}.Debug|Any CPU.Build.0 = Debug|Any CPU
		{3AA6785F-9794-4296-8A61-FB35BAB50B33}.Release|Any CPU.ActiveCfg = Release|Any CPU
		{3AA6785F-9794-4296-8A61-FB35BAB50B33}.Release|Any CPU.Build.0 = Release|Any CPU
		{B42C003D-6A86-49BB-941E-226BC89FCFD5}.Debug|Any CPU.ActiveCfg = Debug|Any CPU
		{B42C003D-6A86-49BB-941E-226BC89FCFD5}.Debug|Any CPU.Build.0 = Debug|Any CPU
		{B42C003D-6A86-49BB-941E-226BC89FCFD5}.Release|Any CPU.ActiveCfg = Release|Any CPU
		{B42C003D-6A86-49BB-941E-226BC89FCFD5}.Release|Any CPU.Build.0 = Release|Any CPU
	EndGlobalSection
	GlobalSection(SolutionProperties) = preSolution
		HideSolutionNode = FALSE
	EndGlobalSection
	GlobalSection(ExtensibilityGlobals) = postSolution
		SolutionGuid = {7872B33B-A32F-402C-AEF0-0F59C7925BF8}
	EndGlobalSection
EndGlobal
